// !$*UTF8*$!
{
	archiveVersion = 1;
	classes = {
	};
	objectVersion = 56;
	objects = {

/* Begin PBXBuildFile section */
		BDBCFBF029214C0300AFE602 /* AppDelegate.swift in Sources */ = {isa = PBXBuildFile; fileRef = BDBCFBEF29214C0300AFE602 /* AppDelegate.swift */; };
		BDBCFBF229214C0300AFE602 /* SceneDelegate.swift in Sources */ = {isa = PBXBuildFile; fileRef = BDBCFBF129214C0300AFE602 /* SceneDelegate.swift */; };
		BDBCFBF429214C0300AFE602 /* ViewController.swift in Sources */ = {isa = PBXBuildFile; fileRef = BDBCFBF329214C0300AFE602 /* ViewController.swift */; };
		BDBCFBF729214C0300AFE602 /* Main.storyboard in Resources */ = {isa = PBXBuildFile; fileRef = BDBCFBF529214C0300AFE602 /* Main.storyboard */; };
		BDBCFBFA29214C0300AFE602 /* MoneyGoals.xcdatamodeld in Sources */ = {isa = PBXBuildFile; fileRef = BDBCFBF829214C0300AFE602 /* MoneyGoals.xcdatamodeld */; };
		BDBCFBFC29214C0500AFE602 /* Assets.xcassets in Resources */ = {isa = PBXBuildFile; fileRef = BDBCFBFB29214C0500AFE602 /* Assets.xcassets */; };
		BDBCFBFF29214C0500AFE602 /* LaunchScreen.storyboard in Resources */ = {isa = PBXBuildFile; fileRef = BDBCFBFD29214C0500AFE602 /* LaunchScreen.storyboard */; };
/* End PBXBuildFile section */

/* Begin PBXFileReference section */
		BDBCFBEC29214C0300AFE602 /* MoneyGoals.app */ = {isa = PBXFileReference; explicitFileType = wrapper.application; includeInIndex = 0; path = MoneyGoals.app; sourceTree = BUILT_PRODUCTS_DIR; };
		BDBCFBEF29214C0300AFE602 /* AppDelegate.swift */ = {isa = PBXFileReference; lastKnownFileType = sourcecode.swift; path = AppDelegate.swift; sourceTree = "<group>"; };
		BDBCFBF129214C0300AFE602 /* SceneDelegate.swift */ = {isa = PBXFileReference; lastKnownFileType = sourcecode.swift; path = SceneDelegate.swift; sourceTree = "<group>"; };
		BDBCFBF329214C0300AFE602 /* ViewController.swift */ = {isa = PBXFileReference; lastKnownFileType = sourcecode.swift; path = ViewController.swift; sourceTree = "<group>"; };
		BDBCFBF629214C0300AFE602 /* Base */ = {isa = PBXFileReference; lastKnownFileType = file.storyboard; name = Base; path = Base.lproj/Main.storyboard; sourceTree = "<group>"; };
		BDBCFBF929214C0300AFE602 /* MoneyGoals.xcdatamodel */ = {isa = PBXFileReference; lastKnownFileType = wrapper.xcdatamodel; path = MoneyGoals.xcdatamodel; sourceTree = "<group>"; };
		BDBCFBFB29214C0500AFE602 /* Assets.xcassets */ = {isa = PBXFileReference; lastKnownFileType = folder.assetcatalog; path = Assets.xcassets; sourceTree = "<group>"; };
		BDBCFBFE29214C0500AFE602 /* Base */ = {isa = PBXFileReference; lastKnownFileType = file.storyboard; name = Base; path = Base.lproj/LaunchScreen.storyboard; sourceTree = "<group>"; };
		BDBCFC0029214C0500AFE602 /* Info.plist */ = {isa = PBXFileReference; lastKnownFileType = text.plist.xml; path = Info.plist; sourceTree = "<group>"; };
/* End PBXFileReference section */

/* Begin PBXFrameworksBuildPhase section */
		BDBCFBE929214C0300AFE602 /* Frameworks */ = {
			isa = PBXFrameworksBuildPhase;
			buildActionMask = 2147483647;
			files = (
			);
			runOnlyForDeploymentPostprocessing = 0;
		};
/* End PBXFrameworksBuildPhase section */

/* Begin PBXGroup section */
		BDBCFBE329214C0300AFE602 = {
			isa = PBXGroup;
			children = (
				BDBCFBEE29214C0300AFE602 /* MoneyGoals */,
				BDBCFBED29214C0300AFE602 /* Products */,
			);
			sourceTree = "<group>";
		};
		BDBCFBED29214C0300AFE602 /* Products */ = {
			isa = PBXGroup;
			children = (
				BDBCFBEC29214C0300AFE602 /* MoneyGoals.app */,
			);
			name = Products;
			sourceTree = "<group>";
		};
		BDBCFBEE29214C0300AFE602 /* MoneyGoals */ = {
			isa = PBXGroup;
			children = (
				BDBCFBEF29214C0300AFE602 /* AppDelegate.swift */,
				BDBCFBF129214C0300AFE602 /* SceneDelegate.swift */,
				BDBCFBF329214C0300AFE602 /* ViewController.swift */,
				BDBCFBF529214C0300AFE602 /* Main.storyboard */,
				BDBCFBFB29214C0500AFE602 /* Assets.xcassets */,
				BDBCFBFD29214C0500AFE602 /* LaunchScreen.storyboard */,
				BDBCFC0029214C0500AFE602 /* Info.plist */,
				BDBCFBF829214C0300AFE602 /* MoneyGoals.xcdatamodeld */,
			);
			path = MoneyGoals;
			sourceTree = "<group>";
		};
/* End PBXGroup section */

/* Begin PBXNativeTarget section */
		BDBCFBEB29214C0300AFE602 /* MoneyGoals */ = {
			isa = PBXNativeTarget;
			buildConfigurationList = BDBCFC0329214C0500AFE602 /* Build configuration list for PBXNativeTarget "MoneyGoals" */;
			buildPhases = (
				BDBCFBE829214C0300AFE602 /* Sources */,
				BDBCFBE929214C0300AFE602 /* Frameworks */,
				BDBCFBEA29214C0300AFE602 /* Resources */,
			);
			buildRules = (
			);
			dependencies = (
			);
			name = MoneyGoals;
			productName = MoneyGoals;
			productReference = BDBCFBEC29214C0300AFE602 /* MoneyGoals.app */;
			productType = "com.apple.product-type.application";
		};
/* End PBXNativeTarget section */

/* Begin PBXProject section */
		BDBCFBE429214C0300AFE602 /* Project object */ = {
			isa = PBXProject;
			attributes = {
				BuildIndependentTargetsInParallel = 1;
				LastSwiftUpdateCheck = 1410;
				LastUpgradeCheck = 1410;
				TargetAttributes = {
					BDBCFBEB29214C0300AFE602 = {
						CreatedOnToolsVersion = 14.1;
					};
				};
			};
			buildConfigurationList = BDBCFBE729214C0300AFE602 /* Build configuration list for PBXProject "MoneyGoals" */;
			compatibilityVersion = "Xcode 14.0";
			developmentRegion = en;
			hasScannedForEncodings = 0;
			knownRegions = (
				en,
				Base,
			);
			mainGroup = BDBCFBE329214C0300AFE602;
			productRefGroup = BDBCFBED29214C0300AFE602 /* Products */;
			projectDirPath = "";
			projectRoot = "";
			targets = (
				BDBCFBEB29214C0300AFE602 /* MoneyGoals */,
			);
		};
/* End PBXProject section */

/* Begin PBXResourcesBuildPhase section */
		BDBCFBEA29214C0300AFE602 /* Resources */ = {
			isa = PBXResourcesBuildPhase;
			buildActionMask = 2147483647;
			files = (
				BDBCFBFF29214C0500AFE602 /* LaunchScreen.storyboard in Resources */,
				BDBCFBFC29214C0500AFE602 /* Assets.xcassets in Resources */,
				BDBCFBF729214C0300AFE602 /* Main.storyboard in Resources */,
			);
			runOnlyForDeploymentPostprocessing = 0;
		};
/* End PBXResourcesBuildPhase section */

/* Begin PBXSourcesBuildPhase section */
		BDBCFBE829214C0300AFE602 /* Sources */ = {
			isa = PBXSourcesBuildPhase;
			buildActionMask = 2147483647;
			files = (
				BDBCFBF429214C0300AFE602 /* ViewController.swift in Sources */,
				BDBCFBFA29214C0300AFE602 /* MoneyGoals.xcdatamodeld in Sources */,
				BDBCFBF029214C0300AFE602 /* AppDelegate.swift in Sources */,
				BDBCFBF229214C0300AFE602 /* SceneDelegate.swift in Sources */,
			);
			runOnlyForDeploymentPostprocessing = 0;
		};
/* End PBXSourcesBuildPhase section */

/* Begin PBXVariantGroup section */
		BDBCFBF529214C0300AFE602 /* Main.storyboard */ = {
			isa = PBXVariantGroup;
			children = (
				BDBCFBF629214C0300AFE602 /* Base */,
			);
			name = Main.storyboard;
			sourceTree = "<group>";
		};
		BDBCFBFD29214C0500AFE602 /* LaunchScreen.storyboard */ = {
			isa = PBXVariantGroup;
			children = (
				BDBCFBFE29214C0500AFE602 /* Base */,
			);
			name = LaunchScreen.storyboard;
			sourceTree = "<group>";
		};
/* End PBXVariantGroup section */

/* Begin XCBuildConfiguration section */
		BDBCFC0129214C0500AFE602 /* Debug */ = {
			isa = XCBuildConfiguration;
			buildSettings = {
				ALWAYS_SEARCH_USER_PATHS = NO;
				CLANG_ANALYZER_NONNULL = YES;
				CLANG_ANALYZER_NUMBER_OBJECT_CONVERSION = YES_AGGRESSIVE;
				CLANG_CXX_LANGUAGE_STANDARD = "gnu++20";
				CLANG_ENABLE_MODULES = YES;
				CLANG_ENABLE_OBJC_ARC = YES;
				CLANG_ENABLE_OBJC_WEAK = YES;
				CLANG_WARN_BLOCK_CAPTURE_AUTORELEASING = YES;
				CLANG_WARN_BOOL_CONVERSION = YES;
				CLANG_WARN_COMMA = YES;
				CLANG_WARN_CONSTANT_CONVERSION = YES;
				CLANG_WARN_DEPRECATED_OBJC_IMPLEMENTATIONS = YES;
				CLANG_WARN_DIRECT_OBJC_ISA_USAGE = YES_ERROR;
				CLANG_WARN_DOCUMENTATION_COMMENTS = YES;
				CLANG_WARN_EMPTY_BODY = YES;
				CLANG_WARN_ENUM_CONVERSION = YES;
				CLANG_WARN_INFINITE_RECURSION = YES;
				CLANG_WARN_INT_CONVERSION = YES;
				CLANG_WARN_NON_LITERAL_NULL_CONVERSION = YES;
				CLANG_WARN_OBJC_IMPLICIT_RETAIN_SELF = YES;
				CLANG_WARN_OBJC_LITERAL_CONVERSION = YES;
				CLANG_WARN_OBJC_ROOT_CLASS = YES_ERROR;
				CLANG_WARN_QUOTED_INCLUDE_IN_FRAMEWORK_HEADER = YES;
				CLANG_WARN_RANGE_LOOP_ANALYSIS = YES;
				CLANG_WARN_STRICT_PROTOTYPES = YES;
				CLANG_WARN_SUSPICIOUS_MOVE = YES;
				CLANG_WARN_UNGUARDED_AVAILABILITY = YES_AGGRESSIVE;
				CLANG_WARN_UNREACHABLE_CODE = YES;
				CLANG_WARN__DUPLICATE_METHOD_MATCH = YES;
				COPY_PHASE_STRIP = NO;
				DEBUG_INFORMATION_FORMAT = dwarf;
				ENABLE_STRICT_OBJC_MSGSEND = YES;
				ENABLE_TESTABILITY = YES;
				GCC_C_LANGUAGE_STANDARD = gnu11;
				GCC_DYNAMIC_NO_PIC = NO;
				GCC_NO_COMMON_BLOCKS = YES;
				GCC_OPTIMIZATION_LEVEL = 0;
				GCC_PREPROCESSOR_DEFINITIONS = (
					"DEBUG=1",
					"$(inherited)",
				);
				GCC_WARN_64_TO_32_BIT_CONVERSION = YES;
				GCC_WARN_ABOUT_RETURN_TYPE = YES_ERROR;
				GCC_WARN_UNDECLARED_SELECTOR = YES;
				GCC_WARN_UNINITIALIZED_AUTOS = YES_AGGRESSIVE;
				GCC_WARN_UNUSED_FUNCTION = YES;
				GCC_WARN_UNUSED_VARIABLE = YES;
				IPHONEOS_DEPLOYMENT_TARGET = 16.1;
				MTL_ENABLE_DEBUG_INFO = INCLUDE_SOURCE;
				MTL_FAST_MATH = YES;
				ONLY_ACTIVE_ARCH = YES;
				SDKROOT = iphoneos;
				SWIFT_ACTIVE_COMPILATION_CONDITIONS = DEBUG;
				SWIFT_OPTIMIZATION_LEVEL = "-Onone";
			};
			name = Debug;
		};
		BDBCFC0229214C0500AFE602 /* Release */ = {
			isa = XCBuildConfiguration;
			buildSettings = {
				ALWAYS_SEARCH_USER_PATHS = NO;
				CLANG_ANALYZER_NONNULL = YES;
				CLANG_ANALYZER_NUMBER_OBJECT_CONVERSION = YES_AGGRESSIVE;
				CLANG_CXX_LANGUAGE_STANDARD = "gnu++20";
				CLANG_ENABLE_MODULES = YES;
				CLANG_ENABLE_OBJC_ARC = YES;
				CLANG_ENABLE_OBJC_WEAK = YES;
				CLANG_WARN_BLOCK_CAPTURE_AUTORELEASING = YES;
				CLANG_WARN_BOOL_CONVERSION = YES;
				CLANG_WARN_COMMA = YES;
				CLANG_WARN_CONSTANT_CONVERSION = YES;
				CLANG_WARN_DEPRECATED_OBJC_IMPLEMENTATIONS = YES;
				CLANG_WARN_DIRECT_OBJC_ISA_USAGE = YES_ERROR;
				CLANG_WARN_DOCUMENTATION_COMMENTS = YES;
				CLANG_WARN_EMPTY_BODY = YES;
				CLANG_WARN_ENUM_CONVERSION = YES;
				CLANG_WARN_INFINITE_RECURSION = YES;
				CLANG_WARN_INT_CONVERSION = YES;
				CLANG_WARN_NON_LITERAL_NULL_CONVERSION = YES;
				CLANG_WARN_OBJC_IMPLICIT_RETAIN_SELF = YES;
				CLANG_WARN_OBJC_LITERAL_CONVERSION = YES;
				CLANG_WARN_OBJC_ROOT_CLASS = YES_ERROR;
				CLANG_WARN_QUOTED_INCLUDE_IN_FRAMEWORK_HEADER = YES;
				CLANG_WARN_RANGE_LOOP_ANALYSIS = YES;
				CLANG_WARN_STRICT_PROTOTYPES = YES;
				CLANG_WARN_SUSPICIOUS_MOVE = YES;
				CLANG_WARN_UNGUARDED_AVAILABILITY = YES_AGGRESSIVE;
				CLANG_WARN_UNREACHABLE_CODE = YES;
				CLANG_WARN__DUPLICATE_METHOD_MATCH = YES;
				COPY_PHASE_STRIP = NO;
				DEBUG_INFORMATION_FORMAT = "dwarf-with-dsym";
				ENABLE_NS_ASSERTIONS = NO;
				ENABLE_STRICT_OBJC_MSGSEND = YES;
				GCC_C_LANGUAGE_STANDARD = gnu11;
				GCC_NO_COMMON_BLOCKS = YES;
				GCC_WARN_64_TO_32_BIT_CONVERSION = YES;
				GCC_WARN_ABOUT_RETURN_TYPE = YES_ERROR;
				GCC_WARN_UNDECLARED_SELECTOR = YES;
				GCC_WARN_UNINITIALIZED_AUTOS = YES_AGGRESSIVE;
				GCC_WARN_UNUSED_FUNCTION = YES;
				GCC_WARN_UNUSED_VARIABLE = YES;
				IPHONEOS_DEPLOYMENT_TARGET = 16.1;
				MTL_ENABLE_DEBUG_INFO = NO;
				MTL_FAST_MATH = YES;
				SDKROOT = iphoneos;
				SWIFT_COMPILATION_MODE = wholemodule;
				SWIFT_OPTIMIZATION_LEVEL = "-O";
				VALIDATE_PRODUCT = YES;
			};
			name = Release;
		};
		BDBCFC0429214C0500AFE602 /* Debug */ = {
			isa = XCBuildConfiguration;
			buildSettings = {
				ASSETCATALOG_COMPILER_APPICON_NAME = AppIcon;
				ASSETCATALOG_COMPILER_GLOBAL_ACCENT_COLOR_NAME = AccentColor;
				CODE_SIGN_STYLE = Automatic;
				CURRENT_PROJECT_VERSION = 1;
				DEVELOPMENT_TEAM = 729RS4Z3AS;
				GENERATE_INFOPLIST_FILE = YES;
				INFOPLIST_FILE = MoneyGoals/Info.plist;
				INFOPLIST_KEY_UIApplicationSupportsIndirectInputEvents = YES;
				INFOPLIST_KEY_UILaunchStoryboardName = LaunchScreen;
				INFOPLIST_KEY_UIMainStoryboardFile = Main;
				INFOPLIST_KEY_UISupportedInterfaceOrientations_iPad = "UIInterfaceOrientationPortrait UIInterfaceOrientationPortraitUpsideDown UIInterfaceOrientationLandscapeLeft UIInterfaceOrientationLandscapeRight";
				INFOPLIST_KEY_UISupportedInterfaceOrientations_iPhone = "UIInterfaceOrientationPortrait UIInterfaceOrientationLandscapeLeft UIInterfaceOrientationLandscapeRight";
				LD_RUNPATH_SEARCH_PATHS = (
					"$(inherited)",
					"@executable_path/Frameworks",
				);
				MARKETING_VERSION = 1.0;
				PRODUCT_BUNDLE_IDENTIFIER = io.dawlab.MoneyGoals;
				PRODUCT_NAME = "$(TARGET_NAME)";
				SWIFT_EMIT_LOC_STRINGS = YES;
				SWIFT_VERSION = 5.0;
				TARGETED_DEVICE_FAMILY = "1,2";
			};
			name = Debug;
		};
		BDBCFC0529214C0500AFE602 /* Release */ = {
			isa = XCBuildConfiguration;
			buildSettings = {
				ASSETCATALOG_COMPILER_APPICON_NAME = AppIcon;
				ASSETCATALOG_COMPILER_GLOBAL_ACCENT_COLOR_NAME = AccentColor;
				CODE_SIGN_STYLE = Automatic;
				CURRENT_PROJECT_VERSION = 1;
				DEVELOPMENT_TEAM = 729RS4Z3AS;
				GENERATE_INFOPLIST_FILE = YES;
				INFOPLIST_FILE = MoneyGoals/Info.plist;
				INFOPLIST_KEY_UIApplicationSupportsIndirectInputEvents = YES;
				INFOPLIST_KEY_UILaunchStoryboardName = LaunchScreen;
				INFOPLIST_KEY_UIMainStoryboardFile = Main;
				INFOPLIST_KEY_UISupportedInterfaceOrientations_iPad = "UIInterfaceOrientationPortrait UIInterfaceOrientationPortraitUpsideDown UIInterfaceOrientationLandscapeLeft UIInterfaceOrientationLandscapeRight";
				INFOPLIST_KEY_UISupportedInterfaceOrientations_iPhone = "UIInterfaceOrientationPortrait UIInterfaceOrientationLandscapeLeft UIInterfaceOrientationLandscapeRight";
				LD_RUNPATH_SEARCH_PATHS = (
					"$(inherited)",
					"@executable_path/Frameworks",
				);
				MARKETING_VERSION = 1.0;
				PRODUCT_BUNDLE_IDENTIFIER = io.dawlab.MoneyGoals;
				PRODUCT_NAME = "$(TARGET_NAME)";
				SWIFT_EMIT_LOC_STRINGS = YES;
				SWIFT_VERSION = 5.0;
				TARGETED_DEVICE_FAMILY = "1,2";
			};
			name = Release;
		};
/* End XCBuildConfiguration section */

/* Begin XCConfigurationList section */
		BDBCFBE729214C0300AFE602 /* Build configuration list for PBXProject "MoneyGoals" */ = {
			isa = XCConfigurationList;
			buildConfigurations = (
				BDBCFC0129214C0500AFE602 /* Debug */,
				BDBCFC0229214C0500AFE602 /* Release */,
			);
			defaultConfigurationIsVisible = 0;
			defaultConfigurationName = Release;
		};
		BDBCFC0329214C0500AFE602 /* Build configuration list for PBXNativeTarget "MoneyGoals" */ = {
			isa = XCConfigurationList;
			buildConfigurations = (
				BDBCFC0429214C0500AFE602 /* Debug */,
				BDBCFC0529214C0500AFE602 /* Release */,
			);
			defaultConfigurationIsVisible = 0;
			defaultConfigurationName = Release;
		};
/* End XCConfigurationList section */

/* Begin XCVersionGroup section */
		BDBCFBF829214C0300AFE602 /* MoneyGoals.xcdatamodeld */ = {
			isa = XCVersionGroup;
			children = (
				BDBCFBF929214C0300AFE602 /* MoneyGoals.xcdatamodel */,
			);
			currentVersion = BDBCFBF929214C0300AFE602 /* MoneyGoals.xcdatamodel */;
			path = MoneyGoals.xcdatamodeld;
			sourceTree = "<group>";
			versionGroupType = wrapper.xcdatamodel;
		};
/* End XCVersionGroup section */
	};
	rootObject = BDBCFBE429214C0300AFE602 /* Project object */;
}
